
Microsoft Visual Studio Solution File, Format Version 12.00
# Visual Studio 15
VisualStudioVersion = 15.0.28307.645
MinimumVisualStudioVersion = 10.0.40219.1
Project("{FAE04EC0-301F-11D3-BF4B-00C04F79EFBC}") = "CSharpLearn", "CSharpLearn\CSharpLearn.csproj", "{89621539-35D9-417F-8B0F-C981B3697CE6}"
EndProject
Global
	GlobalSection(SolutionConfigurationPlatforms) = preSolution
		Debug|Any CPU = Debug|Any CPU
		Release|Any CPU = Release|Any CPU
	EndGlobalSection
	GlobalSection(ProjectConfigurationPlatforms) = postSolution
		{89621539-35D9-417F-8B0F-C981B3697CE6}.Debug|Any CPU.ActiveCfg = Debug|Any CPU
		{89621539-35D9-417F-8B0F-C981B3697CE6}.Debug|Any CPU.Build.0 = Debug|Any CPU
		{89621539-35D9-417F-8B0F-C981B3697CE6}.Release|Any CPU.ActiveCfg = Release|Any CPU
		{89621539-35D9-417F-8B0F-C981B3697CE6}.Release|Any CPU.Build.0 = Release|Any CPU
	EndGlobalSection
	GlobalSection(SolutionProperties) = preSolution
		HideSolutionNode = FALSE
	EndGlobalSection
	GlobalSection(ExtensibilityGlobals) = postSolution
		SolutionGuid = {188B2651-5AFA-4A5C-9F0A-C01DC988A0A2}
	EndGlobalSection
EndGlobal
