
Microsoft Visual Studio Solution File, Format Version 12.00
# Visual Studio 15
VisualStudioVersion = 15.0.28307.1000
MinimumVisualStudioVersion = 10.0.40219.1
Project("{888888A0-9F3D-457C-B088-3A5042F75D52}") = "part-I", "part-I.pyproj", "{CD476673-831C-4BD6-9D20-6E1C01669630}"
EndProject
Global
	GlobalSection(SolutionConfigurationPlatforms) = preSolution
		Debug|Any CPU = Debug|Any CPU
		Release|Any CPU = Release|Any CPU
	EndGlobalSection
	GlobalSection(ProjectConfigurationPlatforms) = postSolution
		{CD476673-831C-4BD6-9D20-6E1C01669630}.Debug|Any CPU.ActiveCfg = Debug|Any CPU
		{CD476673-831C-4BD6-9D20-6E1C01669630}.Release|Any CPU.ActiveCfg = Release|Any CPU
	EndGlobalSection
	GlobalSection(SolutionProperties) = preSolution
		HideSolutionNode = FALSE
	EndGlobalSection
	GlobalSection(ExtensibilityGlobals) = postSolution
		SolutionGuid = {113878E7-7931-4DD8-843F-EAEFF30892CB}
	EndGlobalSection
EndGlobal
